{
  "version": 4,
  "terraform_version": "1.13.3",
  "serial": 19,
  "lineage": "abee3318-7639-2ed2-77d6-ab4c64093598",
  "outputs": {},
  "resources": [
    {
      "mode": "data",
      "type": "aws_route53_zone",
      "name": "root_zone",
      "provider": "provider[\"registry.terraform.io/hashicorp/aws\"]",
      "instances": [
        {
          "schema_version": 0,
          "attributes": {
            "arn": "arn:aws:route53:::hostedzone/Z03866431WUR0YPL6W7PZ",
            "caller_reference": "9e07cd2a-53a1-4e96-a4af-42c878b65b3d",
            "comment": "",
            "id": "Z03866431WUR0YPL6W7PZ",
            "linked_service_description": null,
            "linked_service_principal": null,
            "name": "jacobblackfly.com",
            "name_servers": [
              "ns-2042.awsdns-63.co.uk",
              "ns-1146.awsdns-15.org",
              "ns-203.awsdns-25.com",
              "ns-738.awsdns-28.net"
            ],
            "primary_name_server": "ns-2042.awsdns-63.co.uk",
            "private_zone": false,
            "resource_record_set_count": 6,
            "tags": {},
            "vpc_id": null,
            "zone_id": "Z03866431WUR0YPL6W7PZ"
          },
          "sensitive_attributes": [],
          "identity_schema_version": 0
        }
      ]
    },
    {
      "mode": "managed",
      "type": "aws_acm_certificate",
      "name": "jacobblackflycert",
      "provider": "provider[\"registry.terraform.io/hashicorp/aws\"]",
      "instances": [
        {
          "schema_version": 0,
          "attributes": {
            "arn": "arn:aws:acm:us-east-1:304315860042:certificate/eff1ec19-f3e8-40bf-9c6d-c1e1599b6c01",
            "certificate_authority_arn": "",
            "certificate_body": null,
            "certificate_chain": null,
            "domain_name": "jacobblackfly.com",
            "domain_validation_options": [
              {
                "domain_name": "*.jacobblackfly.com",
                "resource_record_name": "_83fa0cfeed03a441c70dbad867606f68.jacobblackfly.com.",
                "resource_record_type": "CNAME",
                "resource_record_value": "_57a6007c487ab2a492b27ea8f7fda10f.xlfgrmvvlj.acm-validations.aws."
              },
              {
                "domain_name": "jacobblackfly.com",
                "resource_record_name": "_83fa0cfeed03a441c70dbad867606f68.jacobblackfly.com.",
                "resource_record_type": "CNAME",
                "resource_record_value": "_57a6007c487ab2a492b27ea8f7fda10f.xlfgrmvvlj.acm-validations.aws."
              }
            ],
            "early_renewal_duration": "",
            "id": "arn:aws:acm:us-east-1:304315860042:certificate/eff1ec19-f3e8-40bf-9c6d-c1e1599b6c01",
            "key_algorithm": "RSA_2048",
            "not_after": "2026-07-21T23:59:59Z",
            "not_before": "2025-06-22T00:00:00Z",
            "options": [
              {
                "certificate_transparency_logging_preference": "ENABLED",
                "export": "DISABLED"
              }
            ],
            "pending_renewal": false,
            "private_key": null,
            "region": "us-east-1",
            "renewal_eligibility": "ELIGIBLE",
            "renewal_summary": [],
            "status": "ISSUED",
            "subject_alternative_names": [
              "*.jacobblackfly.com",
              "jacobblackfly.com"
            ],
            "tags": {},
            "tags_all": {
              "managedWithTerraform": "true"
            },
            "type": "AMAZON_ISSUED",
            "validation_emails": [],
            "validation_method": "DNS",
            "validation_option": []
          },
          "sensitive_attributes": [
            [
              {
                "type": "get_attr",
                "value": "private_key"
              }
            ]
          ],
          "identity_schema_version": 0,
          "identity": {
            "arn": "arn:aws:acm:us-east-1:304315860042:certificate/eff1ec19-f3e8-40bf-9c6d-c1e1599b6c01"
          },
          "private": "bnVsbA=="
        }
      ]
    },
    {
      "mode": "managed",
      "type": "aws_acm_certificate_validation",
      "name": "my_certificate_validation",
      "provider": "provider[\"registry.terraform.io/hashicorp/aws\"].cloudfront-certificate",
      "instances": [
        {
          "schema_version": 0,
          "attributes": {
            "certificate_arn": "arn:aws:acm:us-east-1:304315860042:certificate/eff1ec19-f3e8-40bf-9c6d-c1e1599b6c01",
            "id": "2025-06-22 15:18:30.576 +0000 UTC",
            "region": "us-east-1",
            "timeouts": null,
            "validation_record_fqdns": [
              "_83fa0cfeed03a441c70dbad867606f68.jacobblackfly.com"
            ]
          },
          "sensitive_attributes": [],
          "identity_schema_version": 0,
          "private": "eyJlMmJmYjczMC1lY2FhLTExZTYtOGY4OC0zNDM2M2JjN2M0YzAiOnsiY3JlYXRlIjo0NTAwMDAwMDAwMDAwfX0=",
          "dependencies": [
            "aws_acm_certificate.jacobblackflycert",
            "aws_route53_record.acm_val_records",
            "data.aws_route53_zone.root_zone"
          ]
        }
      ]
    },
    {
      "mode": "managed",
      "type": "aws_cloudfront_distribution",
      "name": "dev_distribution",
      "provider": "provider[\"registry.terraform.io/hashicorp/aws\"]",
      "instances": [
        {
          "schema_version": 1,
          "attributes": {
            "aliases": [
              "dev.jacobblackfly.com"
            ],
            "anycast_ip_list_id": "",
            "arn": "arn:aws:cloudfront::304315860042:distribution/E2F132K7YOLD70",
            "caller_reference": "9a1eb13e-ce3c-44ff-8ada-4b2d4e604632",
            "comment": "dev.jacobblackfly.com SUBDOMAIN distribution",
            "continuous_deployment_policy_id": "",
            "custom_error_response": [],
            "default_cache_behavior": [
              {
                "allowed_methods": [
                  "GET",
                  "HEAD"
                ],
                "cache_policy_id": "658327ea-f89d-4fab-a63d-7e88639e58f6",
                "cached_methods": [
                  "GET",
                  "HEAD"
                ],
                "compress": true,
                "default_ttl": 0,
                "field_level_encryption_id": "",
                "forwarded_values": [],
                "function_association": [],
                "grpc_config": [
                  {
                    "enabled": false
                  }
                ],
                "lambda_function_association": [],
                "max_ttl": 0,
                "min_ttl": 0,
                "origin_request_policy_id": "",
                "realtime_log_config_arn": "",
                "response_headers_policy_id": "",
                "smooth_streaming": false,
                "target_origin_id": "dev.jacobblackfly.com.s3.eu-west-2.amazonaws.com-mghsl7duz55",
                "trusted_key_groups": [],
                "trusted_signers": [],
                "viewer_protocol_policy": "redirect-to-https"
              }
            ],
            "default_root_object": "index.html",
            "domain_name": "d1or1ewhy69pgh.cloudfront.net",
            "enabled": true,
            "etag": "E2QVN22PME33N1",
            "hosted_zone_id": "Z2FDTNDATAQYW2",
            "http_version": "http2",
            "id": "E2F132K7YOLD70",
            "in_progress_validation_batches": 0,
            "is_ipv6_enabled": true,
            "last_modified_time": "2025-10-08 10:41:02.832 +0000 UTC",
            "logging_config": [],
            "ordered_cache_behavior": [],
            "origin": [
              {
                "connection_attempts": 3,
                "connection_timeout": 10,
                "custom_header": [],
                "custom_origin_config": [],
                "domain_name": "dev.jacobblackfly.com.s3.eu-west-2.amazonaws.com",
                "origin_access_control_id": "",
                "origin_id": "dev.jacobblackfly.com.s3.eu-west-2.amazonaws.com-mghsl7duz55",
                "origin_path": "",
                "origin_shield": [],
                "response_completion_timeout": 0,
                "s3_origin_config": [
                  {
                    "origin_access_identity": "origin-access-identity/cloudfront/E6DNWGHFRLSXT"
                  }
                ],
                "vpc_origin_config": []
              }
            ],
            "origin_group": [],
            "price_class": "PriceClass_All",
            "restrictions": [
              {
                "geo_restriction": [
                  {
                    "locations": [],
                    "restriction_type": "none"
                  }
                ]
              }
            ],
            "retain_on_delete": false,
            "staging": false,
            "status": "Deployed",
            "tags": {
              "Name": "dev.jacobblackfly.com"
            },
            "tags_all": {
              "Name": "dev.jacobblackfly.com",
              "managedWithTerraform": "true"
            },
            "trusted_key_groups": [
              {
                "enabled": false,
                "items": []
              }
            ],
            "trusted_signers": [
              {
                "enabled": false,
                "items": []
              }
            ],
            "viewer_certificate": [
              {
                "acm_certificate_arn": "arn:aws:acm:us-east-1:304315860042:certificate/eff1ec19-f3e8-40bf-9c6d-c1e1599b6c01",
                "cloudfront_default_certificate": false,
                "iam_certificate_id": "",
                "minimum_protocol_version": "TLSv1.2_2021",
                "ssl_support_method": "sni-only"
              }
            ],
            "wait_for_deployment": true,
            "web_acl_id": ""
          },
          "sensitive_attributes": [],
          "identity_schema_version": 0,
          "private": "eyJzY2hlbWFfdmVyc2lvbiI6IjEifQ=="
        }
      ]
    },
    {
      "mode": "managed",
      "type": "aws_cloudfront_distribution",
      "name": "root_distribution",
      "provider": "provider[\"registry.terraform.io/hashicorp/aws\"]",
      "instances": [
        {
          "schema_version": 1,
          "attributes": {
            "aliases": [
              "jacobblackfly.com"
            ],
            "anycast_ip_list_id": "",
            "arn": "arn:aws:cloudfront::304315860042:distribution/E2W9ZJZLP0VIA0",
            "caller_reference": "0fa678b4-1cbe-4849-8208-9c0b8d475c37",
            "comment": "jacobblackfly.com ROOT domain distribution",
            "continuous_deployment_policy_id": "",
            "custom_error_response": [
              {
                "error_caching_min_ttl": 10,
                "error_code": 403,
                "response_code": 200,
                "response_page_path": "/index.html"
              }
            ],
            "default_cache_behavior": [
              {
                "allowed_methods": [
                  "GET",
                  "HEAD"
                ],
                "cache_policy_id": "4135ea2d-6df8-44a3-9df3-4b5a84be39ad",
                "cached_methods": [
                  "GET",
                  "HEAD"
                ],
                "compress": true,
                "default_ttl": 0,
                "field_level_encryption_id": "",
                "forwarded_values": [],
                "function_association": [],
                "grpc_config": [
                  {
                    "enabled": false
                  }
                ],
                "lambda_function_association": [],
                "max_ttl": 0,
                "min_ttl": 0,
                "origin_request_policy_id": "",
                "realtime_log_config_arn": "",
                "response_headers_policy_id": "",
                "smooth_streaming": false,
                "target_origin_id": "jacobblackfly.com.s3-website.eu-west-2.amazonaws.com",
                "trusted_key_groups": [],
                "trusted_signers": [],
                "viewer_protocol_policy": "allow-all"
              }
            ],
            "default_root_object": "",
            "domain_name": "d2yybleyqwu1fg.cloudfront.net",
            "enabled": true,
            "etag": "EB3HQ4N2D8QU",
            "hosted_zone_id": "Z2FDTNDATAQYW2",
            "http_version": "http2",
            "id": "E2W9ZJZLP0VIA0",
            "in_progress_validation_batches": 0,
            "is_ipv6_enabled": true,
            "last_modified_time": "2025-10-08 10:21:33.72 +0000 UTC",
            "logging_config": [],
            "ordered_cache_behavior": [],
            "origin": [
              {
                "connection_attempts": 3,
                "connection_timeout": 10,
                "custom_header": [],
                "custom_origin_config": [
                  {
                    "http_port": 80,
                    "https_port": 443,
                    "ip_address_type": "",
                    "origin_keepalive_timeout": 5,
                    "origin_protocol_policy": "http-only",
                    "origin_read_timeout": 30,
                    "origin_ssl_protocols": [
                      "SSLv3",
                      "TLSv1",
                      "TLSv1.1",
                      "TLSv1.2"
                    ]
                  }
                ],
                "domain_name": "jacobblackfly.com.s3-website.eu-west-2.amazonaws.com",
                "origin_access_control_id": "",
                "origin_id": "jacobblackfly.com.s3-website.eu-west-2.amazonaws.com",
                "origin_path": "",
                "origin_shield": [],
                "response_completion_timeout": 0,
                "s3_origin_config": [],
                "vpc_origin_config": []
              }
            ],
            "origin_group": [],
            "price_class": "PriceClass_All",
            "restrictions": [
              {
                "geo_restriction": [
                  {
                    "locations": [],
                    "restriction_type": "none"
                  }
                ]
              }
            ],
            "retain_on_delete": false,
            "staging": false,
            "status": "Deployed",
            "tags": {
              "Name": "jacobblackfly.com"
            },
            "tags_all": {
              "Name": "jacobblackfly.com",
              "managedWithTerraform": "true"
            },
            "trusted_key_groups": [
              {
                "enabled": false,
                "items": []
              }
            ],
            "trusted_signers": [
              {
                "enabled": false,
                "items": []
              }
            ],
            "viewer_certificate": [
              {
                "acm_certificate_arn": "arn:aws:acm:us-east-1:304315860042:certificate/eff1ec19-f3e8-40bf-9c6d-c1e1599b6c01",
                "cloudfront_default_certificate": false,
                "iam_certificate_id": "",
                "minimum_protocol_version": "TLSv1.2_2021",
                "ssl_support_method": "sni-only"
              }
            ],
            "wait_for_deployment": true,
            "web_acl_id": ""
          },
          "sensitive_attributes": [],
          "identity_schema_version": 0,
          "private": "eyJzY2hlbWFfdmVyc2lvbiI6IjEifQ=="
        }
      ]
    },
    {
      "mode": "managed",
      "type": "aws_cloudfront_distribution",
      "name": "www_distribution",
      "provider": "provider[\"registry.terraform.io/hashicorp/aws\"]",
      "instances": [
        {
          "schema_version": 1,
          "attributes": {
            "aliases": [
              "www.jacobblackfly.com"
            ],
            "anycast_ip_list_id": "",
            "arn": "arn:aws:cloudfront::304315860042:distribution/EI4CKI3ETXRXH",
            "caller_reference": "3a6d3af8-50b7-4e08-a476-6d547ed031ca",
            "comment": "www.jacobblackfly.com SUBDOMAIN distribution",
            "continuous_deployment_policy_id": "",
            "custom_error_response": [
              {
                "error_caching_min_ttl": 10,
                "error_code": 403,
                "response_code": 200,
                "response_page_path": "/index.html"
              }
            ],
            "default_cache_behavior": [
              {
                "allowed_methods": [
                  "GET",
                  "HEAD"
                ],
                "cache_policy_id": "658327ea-f89d-4fab-a63d-7e88639e58f6",
                "cached_methods": [
                  "GET",
                  "HEAD"
                ],
                "compress": true,
                "default_ttl": 0,
                "field_level_encryption_id": "",
                "forwarded_values": [],
                "function_association": [],
                "grpc_config": [
                  {
                    "enabled": false
                  }
                ],
                "lambda_function_association": [],
                "max_ttl": 0,
                "min_ttl": 0,
                "origin_request_policy_id": "",
                "realtime_log_config_arn": "",
                "response_headers_policy_id": "",
                "smooth_streaming": false,
                "target_origin_id": "www.jacobblackfly.com.s3.eu-west-2.amazonaws.com",
                "trusted_key_groups": [],
                "trusted_signers": [],
                "viewer_protocol_policy": "redirect-to-https"
              }
            ],
            "default_root_object": "index.html",
            "domain_name": "d2cnwtms0t7ylg.cloudfront.net",
            "enabled": true,
            "etag": "E1UTHRW4FTITP3",
            "hosted_zone_id": "Z2FDTNDATAQYW2",
            "http_version": "http2",
            "id": "EI4CKI3ETXRXH",
            "in_progress_validation_batches": 0,
            "is_ipv6_enabled": true,
            "last_modified_time": "2025-10-08 10:22:16.949 +0000 UTC",
            "logging_config": [],
            "ordered_cache_behavior": [],
            "origin": [
              {
                "connection_attempts": 3,
                "connection_timeout": 10,
                "custom_header": [],
                "custom_origin_config": [],
                "domain_name": "www.jacobblackfly.com.s3.eu-west-2.amazonaws.com",
                "origin_access_control_id": "",
                "origin_id": "www.jacobblackfly.com.s3.eu-west-2.amazonaws.com",
                "origin_path": "",
                "origin_shield": [],
                "response_completion_timeout": 0,
                "s3_origin_config": [
                  {
                    "origin_access_identity": "origin-access-identity/cloudfront/E6DNWGHFRLSXT"
                  }
                ],
                "vpc_origin_config": []
              }
            ],
            "origin_group": [],
            "price_class": "PriceClass_All",
            "restrictions": [
              {
                "geo_restriction": [
                  {
                    "locations": [],
                    "restriction_type": "none"
                  }
                ]
              }
            ],
            "retain_on_delete": false,
            "staging": false,
            "status": "Deployed",
            "tags": {
              "Name": "www.jacobblackfly.com"
            },
            "tags_all": {
              "Name": "www.jacobblackfly.com",
              "managedWithTerraform": "true"
            },
            "trusted_key_groups": [
              {
                "enabled": false,
                "items": []
              }
            ],
            "trusted_signers": [
              {
                "enabled": false,
                "items": []
              }
            ],
            "viewer_certificate": [
              {
                "acm_certificate_arn": "arn:aws:acm:us-east-1:304315860042:certificate/eff1ec19-f3e8-40bf-9c6d-c1e1599b6c01",
                "cloudfront_default_certificate": false,
                "iam_certificate_id": "",
                "minimum_protocol_version": "TLSv1.2_2021",
                "ssl_support_method": "sni-only"
              }
            ],
            "wait_for_deployment": true,
            "web_acl_id": ""
          },
          "sensitive_attributes": [],
          "identity_schema_version": 0,
          "private": "eyJzY2hlbWFfdmVyc2lvbiI6IjEifQ=="
        }
      ]
    },
    {
      "mode": "managed",
      "type": "aws_route53_record",
      "name": "acm_val_records",
      "provider": "provider[\"registry.terraform.io/hashicorp/aws\"]",
      "instances": [
        {
          "index_key": "*.jacobblackfly.com",
          "schema_version": 2,
          "attributes": {
            "alias": [],
            "allow_overwrite": true,
            "cidr_routing_policy": [],
            "failover_routing_policy": [],
            "fqdn": "_83fa0cfeed03a441c70dbad867606f68.jacobblackfly.com",
            "geolocation_routing_policy": [],
            "geoproximity_routing_policy": [],
            "health_check_id": "",
            "id": "Z03866431WUR0YPL6W7PZ__83fa0cfeed03a441c70dbad867606f68.jacobblackfly.com._CNAME",
            "latency_routing_policy": [],
            "multivalue_answer_routing_policy": false,
            "name": "_83fa0cfeed03a441c70dbad867606f68.jacobblackfly.com",
            "records": [
              "_57a6007c487ab2a492b27ea8f7fda10f.xlfgrmvvlj.acm-validations.aws."
            ],
            "set_identifier": "",
            "timeouts": null,
            "ttl": 300,
            "type": "CNAME",
            "weighted_routing_policy": [],
            "zone_id": "Z03866431WUR0YPL6W7PZ"
          },
          "sensitive_attributes": [],
          "identity_schema_version": 0,
          "identity": {
            "account_id": "304315860042",
            "name": "_83fa0cfeed03a441c70dbad867606f68.jacobblackfly.com",
            "set_identifier": null,
            "type": "CNAME",
            "zone_id": "Z03866431WUR0YPL6W7PZ"
          },
          "private": "eyJlMmJmYjczMC1lY2FhLTExZTYtOGY4OC0zNDM2M2JjN2M0YzAiOnsiY3JlYXRlIjoxODAwMDAwMDAwMDAwLCJkZWxldGUiOjE4MDAwMDAwMDAwMDAsInVwZGF0ZSI6MTgwMDAwMDAwMDAwMH0sInNjaGVtYV92ZXJzaW9uIjoiMiJ9",
          "dependencies": [
            "aws_acm_certificate.jacobblackflycert",
            "data.aws_route53_zone.root_zone"
          ]
        },
        {
          "index_key": "jacobblackfly.com",
          "schema_version": 2,
          "attributes": {
            "alias": [],
            "allow_overwrite": true,
            "cidr_routing_policy": [],
            "failover_routing_policy": [],
            "fqdn": "_83fa0cfeed03a441c70dbad867606f68.jacobblackfly.com",
            "geolocation_routing_policy": [],
            "geoproximity_routing_policy": [],
            "health_check_id": "",
            "id": "Z03866431WUR0YPL6W7PZ__83fa0cfeed03a441c70dbad867606f68.jacobblackfly.com._CNAME",
            "latency_routing_policy": [],
            "multivalue_answer_routing_policy": false,
            "name": "_83fa0cfeed03a441c70dbad867606f68.jacobblackfly.com",
            "records": [
              "_57a6007c487ab2a492b27ea8f7fda10f.xlfgrmvvlj.acm-validations.aws."
            ],
            "set_identifier": "",
            "timeouts": null,
            "ttl": 300,
            "type": "CNAME",
            "weighted_routing_policy": [],
            "zone_id": "Z03866431WUR0YPL6W7PZ"
          },
          "sensitive_attributes": [],
          "identity_schema_version": 0,
          "identity": {
            "account_id": "304315860042",
            "name": "_83fa0cfeed03a441c70dbad867606f68.jacobblackfly.com",
            "set_identifier": null,
            "type": "CNAME",
            "zone_id": "Z03866431WUR0YPL6W7PZ"
          },
          "private": "eyJlMmJmYjczMC1lY2FhLTExZTYtOGY4OC0zNDM2M2JjN2M0YzAiOnsiY3JlYXRlIjoxODAwMDAwMDAwMDAwLCJkZWxldGUiOjE4MDAwMDAwMDAwMDAsInVwZGF0ZSI6MTgwMDAwMDAwMDAwMH0sInNjaGVtYV92ZXJzaW9uIjoiMiJ9",
          "dependencies": [
            "aws_acm_certificate.jacobblackflycert",
            "data.aws_route53_zone.root_zone"
          ]
        }
      ]
    }
  ],
  "check_results": null
}
